
Microsoft Visual Studio Solution File, Format Version 12.00
# Visual Studio 14
VisualStudioVersion = 14.0.25420.1
MinimumVisualStudioVersion = 10.0.40219.1
Project("{FAE04EC0-301F-11D3-BF4B-00C04F79EFBC}") = "InCubeLibrary", "InCubeLibrary\InCubeLibrary.csproj", "{BF0DDB08-4CD6-42DF-9B1E-E7E712384FD4}"
EndProject
Project("{FAE04EC0-301F-11D3-BF4B-00C04F79EFBC}") = "InCubeIntegration_BL", "InCubeIntegration_BL\InCubeIntegration_BL.csproj", "{A28F0FFC-11B6-4DAF-8A6C-6F699A2DA5C6}"
EndProject
Project("{FAE04EC0-301F-11D3-BF4B-00C04F79EFBC}") = "InCubeIntegration_UI", "InCubeIntegration_UI\InCubeIntegration_UI.csproj", "{D0D0170F-6394-48B3-BEC4-85A03D644473}"
EndProject
Project("{FAE04EC0-301F-11D3-BF4B-00C04F79EFBC}") = "InCubeIntegration_App", "InCubeIntegration\InCubeIntegration_App.csproj", "{4AD2196D-8F88-46D9-9778-AF2473C61343}"
	ProjectSection(ProjectDependencies) = postProject
		{51318A85-8FEC-4DE4-8266-397F87522016} = {51318A85-8FEC-4DE4-8266-397F87522016}
		{8D0615F8-E5E7-45AA-93EF-F7FA7221C63D} = {8D0615F8-E5E7-45AA-93EF-F7FA7221C63D}
	EndProjectSection
EndProject
Project("{FAE04EC0-301F-11D3-BF4B-00C04F79EFBC}") = "InCubeIntegration_DAL", "InCubeIntegration_DAL\InCubeIntegration_DAL.csproj", "{51318A85-8FEC-4DE4-8266-397F87522016}"
EndProject
Project("{FAE04EC0-301F-11D3-BF4B-00C04F79EFBC}") = "InCubeIntegrationWindowsService", "InCubeIntegrationWindowsService\InCubeIntegrationWindowsService.csproj", "{8D0615F8-E5E7-45AA-93EF-F7FA7221C63D}"
EndProject
Global
	GlobalSection(SolutionConfigurationPlatforms) = preSolution
		Debug|Any CPU = Debug|Any CPU
		Debug|x86 = Debug|x86
		Debug-Oracle|Any CPU = Debug-Oracle|Any CPU
		Debug-Oracle|x86 = Debug-Oracle|x86
		Debug-SQL|Any CPU = Debug-SQL|Any CPU
		Debug-SQL|x86 = Debug-SQL|x86
		Release|Any CPU = Release|Any CPU
		Release|x86 = Release|x86
		Release-Oracle|Any CPU = Release-Oracle|Any CPU
		Release-Oracle|x86 = Release-Oracle|x86
		Release-SQL|Any CPU = Release-SQL|Any CPU
		Release-SQL|x86 = Release-SQL|x86
	EndGlobalSection
	GlobalSection(ProjectConfigurationPlatforms) = postSolution
		{BF0DDB08-4CD6-42DF-9B1E-E7E712384FD4}.Debug|Any CPU.ActiveCfg = Debug-SQL|Any CPU
		{BF0DDB08-4CD6-42DF-9B1E-E7E712384FD4}.Debug|Any CPU.Build.0 = Debug-SQL|Any CPU
		{BF0DDB08-4CD6-42DF-9B1E-E7E712384FD4}.Debug|x86.ActiveCfg = Debug-SQL|x86
		{BF0DDB08-4CD6-42DF-9B1E-E7E712384FD4}.Debug|x86.Build.0 = Debug-SQL|x86
		{BF0DDB08-4CD6-42DF-9B1E-E7E712384FD4}.Debug-Oracle|Any CPU.ActiveCfg = Debug-Oracle|Any CPU
		{BF0DDB08-4CD6-42DF-9B1E-E7E712384FD4}.Debug-Oracle|Any CPU.Build.0 = Debug-Oracle|Any CPU
		{BF0DDB08-4CD6-42DF-9B1E-E7E712384FD4}.Debug-Oracle|x86.ActiveCfg = Debug-Oracle|x86
		{BF0DDB08-4CD6-42DF-9B1E-E7E712384FD4}.Debug-Oracle|x86.Build.0 = Debug-Oracle|x86
		{BF0DDB08-4CD6-42DF-9B1E-E7E712384FD4}.Debug-SQL|Any CPU.ActiveCfg = Debug-SQL|Any CPU
		{BF0DDB08-4CD6-42DF-9B1E-E7E712384FD4}.Debug-SQL|Any CPU.Build.0 = Debug-SQL|Any CPU
		{BF0DDB08-4CD6-42DF-9B1E-E7E712384FD4}.Debug-SQL|x86.ActiveCfg = Debug-SQL|x86
		{BF0DDB08-4CD6-42DF-9B1E-E7E712384FD4}.Debug-SQL|x86.Build.0 = Debug-SQL|x86
		{BF0DDB08-4CD6-42DF-9B1E-E7E712384FD4}.Release|Any CPU.ActiveCfg = Release-SQL|Any CPU
		{BF0DDB08-4CD6-42DF-9B1E-E7E712384FD4}.Release|Any CPU.Build.0 = Release-SQL|Any CPU
		{BF0DDB08-4CD6-42DF-9B1E-E7E712384FD4}.Release|x86.ActiveCfg = Release-SQL|x86
		{BF0DDB08-4CD6-42DF-9B1E-E7E712384FD4}.Release|x86.Build.0 = Release-SQL|x86
		{BF0DDB08-4CD6-42DF-9B1E-E7E712384FD4}.Release-Oracle|Any CPU.ActiveCfg = Release-Oracle|Any CPU
		{BF0DDB08-4CD6-42DF-9B1E-E7E712384FD4}.Release-Oracle|Any CPU.Build.0 = Release-Oracle|Any CPU
		{BF0DDB08-4CD6-42DF-9B1E-E7E712384FD4}.Release-Oracle|x86.ActiveCfg = Release-Oracle|x86
		{BF0DDB08-4CD6-42DF-9B1E-E7E712384FD4}.Release-Oracle|x86.Build.0 = Release-Oracle|x86
		{BF0DDB08-4CD6-42DF-9B1E-E7E712384FD4}.Release-SQL|Any CPU.ActiveCfg = Release-SQL|Any CPU
		{BF0DDB08-4CD6-42DF-9B1E-E7E712384FD4}.Release-SQL|Any CPU.Build.0 = Release-SQL|Any CPU
		{BF0DDB08-4CD6-42DF-9B1E-E7E712384FD4}.Release-SQL|x86.ActiveCfg = Release-SQL|x86
		{BF0DDB08-4CD6-42DF-9B1E-E7E712384FD4}.Release-SQL|x86.Build.0 = Release-SQL|x86
		{A28F0FFC-11B6-4DAF-8A6C-6F699A2DA5C6}.Debug|Any CPU.ActiveCfg = Debug|Any CPU
		{A28F0FFC-11B6-4DAF-8A6C-6F699A2DA5C6}.Debug|Any CPU.Build.0 = Debug|Any CPU
		{A28F0FFC-11B6-4DAF-8A6C-6F699A2DA5C6}.Debug|x86.ActiveCfg = Debug|x86
		{A28F0FFC-11B6-4DAF-8A6C-6F699A2DA5C6}.Debug|x86.Build.0 = Debug|x86
		{A28F0FFC-11B6-4DAF-8A6C-6F699A2DA5C6}.Debug-Oracle|Any CPU.ActiveCfg = Debug|Any CPU
		{A28F0FFC-11B6-4DAF-8A6C-6F699A2DA5C6}.Debug-Oracle|Any CPU.Build.0 = Debug|Any CPU
		{A28F0FFC-11B6-4DAF-8A6C-6F699A2DA5C6}.Debug-Oracle|x86.ActiveCfg = Debug|x86
		{A28F0FFC-11B6-4DAF-8A6C-6F699A2DA5C6}.Debug-Oracle|x86.Build.0 = Debug|x86
		{A28F0FFC-11B6-4DAF-8A6C-6F699A2DA5C6}.Debug-SQL|Any CPU.ActiveCfg = Debug|Any CPU
		{A28F0FFC-11B6-4DAF-8A6C-6F699A2DA5C6}.Debug-SQL|Any CPU.Build.0 = Debug|Any CPU
		{A28F0FFC-11B6-4DAF-8A6C-6F699A2DA5C6}.Debug-SQL|x86.ActiveCfg = Debug|x86
		{A28F0FFC-11B6-4DAF-8A6C-6F699A2DA5C6}.Debug-SQL|x86.Build.0 = Debug|x86
		{A28F0FFC-11B6-4DAF-8A6C-6F699A2DA5C6}.Release|Any CPU.ActiveCfg = Release|Any CPU
		{A28F0FFC-11B6-4DAF-8A6C-6F699A2DA5C6}.Release|Any CPU.Build.0 = Release|Any CPU
		{A28F0FFC-11B6-4DAF-8A6C-6F699A2DA5C6}.Release|x86.ActiveCfg = Release|x86
		{A28F0FFC-11B6-4DAF-8A6C-6F699A2DA5C6}.Release|x86.Build.0 = Release|x86
		{A28F0FFC-11B6-4DAF-8A6C-6F699A2DA5C6}.Release-Oracle|Any CPU.ActiveCfg = Release|Any CPU
		{A28F0FFC-11B6-4DAF-8A6C-6F699A2DA5C6}.Release-Oracle|Any CPU.Build.0 = Release|Any CPU
		{A28F0FFC-11B6-4DAF-8A6C-6F699A2DA5C6}.Release-Oracle|x86.ActiveCfg = Release|x86
		{A28F0FFC-11B6-4DAF-8A6C-6F699A2DA5C6}.Release-Oracle|x86.Build.0 = Release|x86
		{A28F0FFC-11B6-4DAF-8A6C-6F699A2DA5C6}.Release-SQL|Any CPU.ActiveCfg = Release|Any CPU
		{A28F0FFC-11B6-4DAF-8A6C-6F699A2DA5C6}.Release-SQL|Any CPU.Build.0 = Release|Any CPU
		{A28F0FFC-11B6-4DAF-8A6C-6F699A2DA5C6}.Release-SQL|x86.ActiveCfg = Release|x86
		{A28F0FFC-11B6-4DAF-8A6C-6F699A2DA5C6}.Release-SQL|x86.Build.0 = Release|x86
		{D0D0170F-6394-48B3-BEC4-85A03D644473}.Debug|Any CPU.ActiveCfg = Debug|Any CPU
		{D0D0170F-6394-48B3-BEC4-85A03D644473}.Debug|Any CPU.Build.0 = Debug|Any CPU
		{D0D0170F-6394-48B3-BEC4-85A03D644473}.Debug|x86.ActiveCfg = Debug|x86
		{D0D0170F-6394-48B3-BEC4-85A03D644473}.Debug|x86.Build.0 = Debug|x86
		{D0D0170F-6394-48B3-BEC4-85A03D644473}.Debug-Oracle|Any CPU.ActiveCfg = Debug|Any CPU
		{D0D0170F-6394-48B3-BEC4-85A03D644473}.Debug-Oracle|Any CPU.Build.0 = Debug|Any CPU
		{D0D0170F-6394-48B3-BEC4-85A03D644473}.Debug-Oracle|x86.ActiveCfg = Debug|x86
		{D0D0170F-6394-48B3-BEC4-85A03D644473}.Debug-Oracle|x86.Build.0 = Debug|x86
		{D0D0170F-6394-48B3-BEC4-85A03D644473}.Debug-SQL|Any CPU.ActiveCfg = Debug|Any CPU
		{D0D0170F-6394-48B3-BEC4-85A03D644473}.Debug-SQL|Any CPU.Build.0 = Debug|Any CPU
		{D0D0170F-6394-48B3-BEC4-85A03D644473}.Debug-SQL|x86.ActiveCfg = Debug|x86
		{D0D0170F-6394-48B3-BEC4-85A03D644473}.Debug-SQL|x86.Build.0 = Debug|x86
		{D0D0170F-6394-48B3-BEC4-85A03D644473}.Release|Any CPU.ActiveCfg = Release|Any CPU
		{D0D0170F-6394-48B3-BEC4-85A03D644473}.Release|Any CPU.Build.0 = Release|Any CPU
		{D0D0170F-6394-48B3-BEC4-85A03D644473}.Release|x86.ActiveCfg = Release|x86
		{D0D0170F-6394-48B3-BEC4-85A03D644473}.Release|x86.Build.0 = Release|x86
		{D0D0170F-6394-48B3-BEC4-85A03D644473}.Release-Oracle|Any CPU.ActiveCfg = Release|Any CPU
		{D0D0170F-6394-48B3-BEC4-85A03D644473}.Release-Oracle|Any CPU.Build.0 = Release|Any CPU
		{D0D0170F-6394-48B3-BEC4-85A03D644473}.Release-Oracle|x86.ActiveCfg = Release|x86
		{D0D0170F-6394-48B3-BEC4-85A03D644473}.Release-Oracle|x86.Build.0 = Release|x86
		{D0D0170F-6394-48B3-BEC4-85A03D644473}.Release-SQL|Any CPU.ActiveCfg = Release|Any CPU
		{D0D0170F-6394-48B3-BEC4-85A03D644473}.Release-SQL|Any CPU.Build.0 = Release|Any CPU
		{D0D0170F-6394-48B3-BEC4-85A03D644473}.Release-SQL|x86.ActiveCfg = Release|x86
		{D0D0170F-6394-48B3-BEC4-85A03D644473}.Release-SQL|x86.Build.0 = Release|x86
		{4AD2196D-8F88-46D9-9778-AF2473C61343}.Debug|Any CPU.ActiveCfg = Debug|Any CPU
		{4AD2196D-8F88-46D9-9778-AF2473C61343}.Debug|Any CPU.Build.0 = Debug|Any CPU
		{4AD2196D-8F88-46D9-9778-AF2473C61343}.Debug|x86.ActiveCfg = Debug|x86
		{4AD2196D-8F88-46D9-9778-AF2473C61343}.Debug|x86.Build.0 = Debug|x86
		{4AD2196D-8F88-46D9-9778-AF2473C61343}.Debug-Oracle|Any CPU.ActiveCfg = Debug|Any CPU
		{4AD2196D-8F88-46D9-9778-AF2473C61343}.Debug-Oracle|Any CPU.Build.0 = Debug|Any CPU
		{4AD2196D-8F88-46D9-9778-AF2473C61343}.Debug-Oracle|x86.ActiveCfg = Debug|x86
		{4AD2196D-8F88-46D9-9778-AF2473C61343}.Debug-Oracle|x86.Build.0 = Debug|x86
		{4AD2196D-8F88-46D9-9778-AF2473C61343}.Debug-SQL|Any CPU.ActiveCfg = Debug|Any CPU
		{4AD2196D-8F88-46D9-9778-AF2473C61343}.Debug-SQL|Any CPU.Build.0 = Debug|Any CPU
		{4AD2196D-8F88-46D9-9778-AF2473C61343}.Debug-SQL|x86.ActiveCfg = Debug|x86
		{4AD2196D-8F88-46D9-9778-AF2473C61343}.Debug-SQL|x86.Build.0 = Debug|x86
		{4AD2196D-8F88-46D9-9778-AF2473C61343}.Release|Any CPU.ActiveCfg = Release|Any CPU
		{4AD2196D-8F88-46D9-9778-AF2473C61343}.Release|Any CPU.Build.0 = Release|Any CPU
		{4AD2196D-8F88-46D9-9778-AF2473C61343}.Release|x86.ActiveCfg = Release|x86
		{4AD2196D-8F88-46D9-9778-AF2473C61343}.Release|x86.Build.0 = Release|x86
		{4AD2196D-8F88-46D9-9778-AF2473C61343}.Release-Oracle|Any CPU.ActiveCfg = Release|Any CPU
		{4AD2196D-8F88-46D9-9778-AF2473C61343}.Release-Oracle|Any CPU.Build.0 = Release|Any CPU
		{4AD2196D-8F88-46D9-9778-AF2473C61343}.Release-Oracle|x86.ActiveCfg = Release|x86
		{4AD2196D-8F88-46D9-9778-AF2473C61343}.Release-Oracle|x86.Build.0 = Release|x86
		{4AD2196D-8F88-46D9-9778-AF2473C61343}.Release-SQL|Any CPU.ActiveCfg = Release|Any CPU
		{4AD2196D-8F88-46D9-9778-AF2473C61343}.Release-SQL|Any CPU.Build.0 = Release|Any CPU
		{4AD2196D-8F88-46D9-9778-AF2473C61343}.Release-SQL|x86.ActiveCfg = Release|x86
		{4AD2196D-8F88-46D9-9778-AF2473C61343}.Release-SQL|x86.Build.0 = Release|x86
		{51318A85-8FEC-4DE4-8266-397F87522016}.Debug|Any CPU.ActiveCfg = Debug|Any CPU
		{51318A85-8FEC-4DE4-8266-397F87522016}.Debug|Any CPU.Build.0 = Debug|Any CPU
		{51318A85-8FEC-4DE4-8266-397F87522016}.Debug|x86.ActiveCfg = Debug|x86
		{51318A85-8FEC-4DE4-8266-397F87522016}.Debug|x86.Build.0 = Debug|x86
		{51318A85-8FEC-4DE4-8266-397F87522016}.Debug-Oracle|Any CPU.ActiveCfg = Debug|Any CPU
		{51318A85-8FEC-4DE4-8266-397F87522016}.Debug-Oracle|Any CPU.Build.0 = Debug|Any CPU
		{51318A85-8FEC-4DE4-8266-397F87522016}.Debug-Oracle|x86.ActiveCfg = Debug|x86
		{51318A85-8FEC-4DE4-8266-397F87522016}.Debug-Oracle|x86.Build.0 = Debug|x86
		{51318A85-8FEC-4DE4-8266-397F87522016}.Debug-SQL|Any CPU.ActiveCfg = Debug|Any CPU
		{51318A85-8FEC-4DE4-8266-397F87522016}.Debug-SQL|Any CPU.Build.0 = Debug|Any CPU
		{51318A85-8FEC-4DE4-8266-397F87522016}.Debug-SQL|x86.ActiveCfg = Debug|x86
		{51318A85-8FEC-4DE4-8266-397F87522016}.Debug-SQL|x86.Build.0 = Debug|x86
		{51318A85-8FEC-4DE4-8266-397F87522016}.Release|Any CPU.ActiveCfg = Release|Any CPU
		{51318A85-8FEC-4DE4-8266-397F87522016}.Release|Any CPU.Build.0 = Release|Any CPU
		{51318A85-8FEC-4DE4-8266-397F87522016}.Release|x86.ActiveCfg = Release|x86
		{51318A85-8FEC-4DE4-8266-397F87522016}.Release|x86.Build.0 = Release|x86
		{51318A85-8FEC-4DE4-8266-397F87522016}.Release-Oracle|Any CPU.ActiveCfg = Release|Any CPU
		{51318A85-8FEC-4DE4-8266-397F87522016}.Release-Oracle|Any CPU.Build.0 = Release|Any CPU
		{51318A85-8FEC-4DE4-8266-397F87522016}.Release-Oracle|x86.ActiveCfg = Release|x86
		{51318A85-8FEC-4DE4-8266-397F87522016}.Release-Oracle|x86.Build.0 = Release|x86
		{51318A85-8FEC-4DE4-8266-397F87522016}.Release-SQL|Any CPU.ActiveCfg = Release|Any CPU
		{51318A85-8FEC-4DE4-8266-397F87522016}.Release-SQL|Any CPU.Build.0 = Release|Any CPU
		{51318A85-8FEC-4DE4-8266-397F87522016}.Release-SQL|x86.ActiveCfg = Release|x86
		{51318A85-8FEC-4DE4-8266-397F87522016}.Release-SQL|x86.Build.0 = Release|x86
		{8D0615F8-E5E7-45AA-93EF-F7FA7221C63D}.Debug|Any CPU.ActiveCfg = Debug|Any CPU
		{8D0615F8-E5E7-45AA-93EF-F7FA7221C63D}.Debug|Any CPU.Build.0 = Debug|Any CPU
		{8D0615F8-E5E7-45AA-93EF-F7FA7221C63D}.Debug|x86.ActiveCfg = Debug|x86
		{8D0615F8-E5E7-45AA-93EF-F7FA7221C63D}.Debug|x86.Build.0 = Debug|x86
		{8D0615F8-E5E7-45AA-93EF-F7FA7221C63D}.Debug-Oracle|Any CPU.ActiveCfg = Debug|Any CPU
		{8D0615F8-E5E7-45AA-93EF-F7FA7221C63D}.Debug-Oracle|Any CPU.Build.0 = Debug|Any CPU
		{8D0615F8-E5E7-45AA-93EF-F7FA7221C63D}.Debug-Oracle|x86.ActiveCfg = Debug|x86
		{8D0615F8-E5E7-45AA-93EF-F7FA7221C63D}.Debug-Oracle|x86.Build.0 = Debug|x86
		{8D0615F8-E5E7-45AA-93EF-F7FA7221C63D}.Debug-SQL|Any CPU.ActiveCfg = Debug|Any CPU
		{8D0615F8-E5E7-45AA-93EF-F7FA7221C63D}.Debug-SQL|Any CPU.Build.0 = Debug|Any CPU
		{8D0615F8-E5E7-45AA-93EF-F7FA7221C63D}.Debug-SQL|x86.ActiveCfg = Debug|x86
		{8D0615F8-E5E7-45AA-93EF-F7FA7221C63D}.Debug-SQL|x86.Build.0 = Debug|x86
		{8D0615F8-E5E7-45AA-93EF-F7FA7221C63D}.Release|Any CPU.ActiveCfg = Release|Any CPU
		{8D0615F8-E5E7-45AA-93EF-F7FA7221C63D}.Release|Any CPU.Build.0 = Release|Any CPU
		{8D0615F8-E5E7-45AA-93EF-F7FA7221C63D}.Release|x86.ActiveCfg = Release|x86
		{8D0615F8-E5E7-45AA-93EF-F7FA7221C63D}.Release|x86.Build.0 = Release|x86
		{8D0615F8-E5E7-45AA-93EF-F7FA7221C63D}.Release-Oracle|Any CPU.ActiveCfg = Release|Any CPU
		{8D0615F8-E5E7-45AA-93EF-F7FA7221C63D}.Release-Oracle|Any CPU.Build.0 = Release|Any CPU
		{8D0615F8-E5E7-45AA-93EF-F7FA7221C63D}.Release-Oracle|x86.ActiveCfg = Release|x86
		{8D0615F8-E5E7-45AA-93EF-F7FA7221C63D}.Release-Oracle|x86.Build.0 = Release|x86
		{8D0615F8-E5E7-45AA-93EF-F7FA7221C63D}.Release-SQL|Any CPU.ActiveCfg = Release|Any CPU
		{8D0615F8-E5E7-45AA-93EF-F7FA7221C63D}.Release-SQL|Any CPU.Build.0 = Release|Any CPU
		{8D0615F8-E5E7-45AA-93EF-F7FA7221C63D}.Release-SQL|x86.ActiveCfg = Release|x86
		{8D0615F8-E5E7-45AA-93EF-F7FA7221C63D}.Release-SQL|x86.Build.0 = Release|x86
	EndGlobalSection
	GlobalSection(SolutionProperties) = preSolution
		HideSolutionNode = FALSE
	EndGlobalSection
	GlobalSection(ExtensibilityGlobals) = postSolution
		SolutionGuid = {13F193B8-BD9E-4CB6-BB44-4E649B90AD45}
	EndGlobalSection
	GlobalSection(TeamFoundationVersionControl) = preSolution
		SccNumberOfProjects = 7
		SccEnterpriseProvider = {4CA58AB2-18FA-4F8D-95D4-32DDF27D184C}
		SccTeamFoundationServer = http://192.168.100.101:8080/tfs/tfs_projects
		SccLocalPath0 = .
		SccProjectUniqueName1 = InCubeLibrary\\InCubeLibrary.csproj
		SccProjectName1 = InCubeLibrary
		SccLocalPath1 = InCubeLibrary
		SccProjectUniqueName2 = InCubeIntegration_BL\\InCubeIntegration_BL.csproj
		SccProjectName2 = InCubeIntegration_BL
		SccLocalPath2 = InCubeIntegration_BL
		SccProjectUniqueName3 = InCubeIntegration_UI\\InCubeIntegration_UI.csproj
		SccProjectName3 = InCubeIntegration_UI
		SccLocalPath3 = InCubeIntegration_UI
		SccProjectUniqueName4 = InCubeIntegration\\InCubeIntegration_App.csproj
		SccProjectName4 = InCubeIntegration
		SccLocalPath4 = InCubeIntegration
		SccProjectUniqueName5 = InCubeIntegration_DAL\\InCubeIntegration_DAL.csproj
		SccProjectName5 = InCubeIntegration_DAL
		SccLocalPath5 = InCubeIntegration_DAL
		SccProjectUniqueName6 = InCubeIntegrationWindowsService\\InCubeIntegrationWindowsService.csproj
		SccProjectName6 = InCubeIntegrationWindowsService
		SccLocalPath6 = InCubeIntegrationWindowsService
	EndGlobalSection
EndGlobal
